// !$*UTF8*$!
{
	archiveVersion = 1;
	classes = {
	};
	objectVersion = 56;
	objects = {

/* Begin PBXBuildFile section */
		7B0E2AF12B4D31AB00E6C038 /* AppDelegate.swift in Sources */ = {isa = PBXBuildFile; fileRef = 7B0E2AF02B4D31AB00E6C038 /* AppDelegate.swift */; };
		7B0E2AF32B4D31AB00E6C038 /* SceneDelegate.swift in Sources */ = {isa = PBXBuildFile; fileRef = 7B0E2AF22B4D31AB00E6C038 /* SceneDelegate.swift */; };
		7B0E2AF52B4D31AB00E6C038 /* ViewController.swift in Sources */ = {isa = PBXBuildFile; fileRef = 7B0E2AF42B4D31AB00E6C038 /* ViewController.swift */; };
		7B0E2AF82B4D31AB00E6C038 /* Main.storyboard in Resources */ = {isa = PBXBuildFile; fileRef = 7B0E2AF62B4D31AB00E6C038 /* Main.storyboard */; };
		7B0E2AFA2B4D31AD00E6C038 /* Assets.xcassets in Resources */ = {isa = PBXBuildFile; fileRef = 7B0E2AF92B4D31AD00E6C038 /* Assets.xcassets */; };
		7B0E2AFD2B4D31AD00E6C038 /* LaunchScreen.storyboard in Resources */ = {isa = PBXBuildFile; fileRef = 7B0E2AFB2B4D31AD00E6C038 /* LaunchScreen.storyboard */; };
		7B0E2B062B4D33CE00E6C038 /* TravelCollectionViewController.swift in Sources */ = {isa = PBXBuildFile; fileRef = 7B0E2B052B4D33CE00E6C038 /* TravelCollectionViewController.swift */; };
		7B0E2B082B4D33DF00E6C038 /* TravelCollectionViewCell.swift in Sources */ = {isa = PBXBuildFile; fileRef = 7B0E2B072B4D33DF00E6C038 /* TravelCollectionViewCell.swift */; };
		7B0E2B0A2B4D37B000E6C038 /* CityInfo.swift in Sources */ = {isa = PBXBuildFile; fileRef = 7B0E2B092B4D37B000E6C038 /* CityInfo.swift */; };
		7B0E2B0D2B4D37C600E6C038 /* Kingfisher in Frameworks */ = {isa = PBXBuildFile; productRef = 7B0E2B0C2B4D37C600E6C038 /* Kingfisher */; };
		7B0E2B102B4D3EBB00E6C038 /* TestCollectionViewController.swift in Sources */ = {isa = PBXBuildFile; fileRef = 7B0E2B0F2B4D3EBB00E6C038 /* TestCollectionViewController.swift */; };
		7B0E2B132B4D4E6800E6C038 /* CityInfoAppCollectionViewController.swift in Sources */ = {isa = PBXBuildFile; fileRef = 7B0E2B122B4D4E6800E6C038 /* CityInfoAppCollectionViewController.swift */; };
		7B0E2B162B4D4E8300E6C038 /* CityInfoAppCollectionViewCell.swift in Sources */ = {isa = PBXBuildFile; fileRef = 7B0E2B142B4D4E8300E6C038 /* CityInfoAppCollectionViewCell.swift */; };
		7B0E2B172B4D4E8300E6C038 /* CityInfoAppCollectionViewCell.xib in Resources */ = {isa = PBXBuildFile; fileRef = 7B0E2B152B4D4E8300E6C038 /* CityInfoAppCollectionViewCell.xib */; };
		7B0E2B1D2B4D68AE00E6C038 /* City3CollectionViewCell.swift in Sources */ = {isa = PBXBuildFile; fileRef = 7B0E2B1B2B4D68AE00E6C038 /* City3CollectionViewCell.swift */; };
		7B0E2B1E2B4D68AE00E6C038 /* City3CollectionViewCell.xib in Resources */ = {isa = PBXBuildFile; fileRef = 7B0E2B1C2B4D68AE00E6C038 /* City3CollectionViewCell.xib */; };
		7B0E2B202B4D68C600E6C038 /* City3ViewController.swift in Sources */ = {isa = PBXBuildFile; fileRef = 7B0E2B1F2B4D68C600E6C038 /* City3ViewController.swift */; };
		7B0E2B232B4D8A8200E6C038 /* City4ViewController.swift in Sources */ = {isa = PBXBuildFile; fileRef = 7B0E2B222B4D8A8200E6C038 /* City4ViewController.swift */; };
		7B0E2B262B4D8AA100E6C038 /* City4CollectionViewCell.swift in Sources */ = {isa = PBXBuildFile; fileRef = 7B0E2B242B4D8AA100E6C038 /* City4CollectionViewCell.swift */; };
		7B0E2B272B4D8AA100E6C038 /* City4CollectionViewCell.xib in Resources */ = {isa = PBXBuildFile; fileRef = 7B0E2B252B4D8AA100E6C038 /* City4CollectionViewCell.xib */; };
		7B0E2B462B4E85FC00E6C038 /* PlacticeStruct.swift in Sources */ = {isa = PBXBuildFile; fileRef = 7B0E2B452B4E85FC00E6C038 /* PlacticeStruct.swift */; };
		7B0E2B482B4EA2C900E6C038 /* Plactice_Struct+Enum.swift in Sources */ = {isa = PBXBuildFile; fileRef = 7B0E2B472B4EA2C900E6C038 /* Plactice_Struct+Enum.swift */; };
		7B0E2B4A2B4EB6B000E6C038 /* Protocol+Extention+Enum+Struct.swift in Sources */ = {isa = PBXBuildFile; fileRef = 7B0E2B492B4EB6B000E6C038 /* Protocol+Extention+Enum+Struct.swift */; };
		7BDD671A2B4FD4B20044341D /* City4InfoStoryBoard.storyboard in Resources */ = {isa = PBXBuildFile; fileRef = 7BDD67192B4FD4B20044341D /* City4InfoStoryBoard.storyboard */; };
		7BDD671C2B4FD4DC0044341D /* City4InfoViewController.swift in Sources */ = {isa = PBXBuildFile; fileRef = 7BDD671B2B4FD4DC0044341D /* City4InfoViewController.swift */; };
		7BDD671E2B4FD5520044341D /* TravelModel.swift in Sources */ = {isa = PBXBuildFile; fileRef = 7BDD671D2B4FD5520044341D /* TravelModel.swift */; };
		7BDD67222B4FE5F60044341D /* City4_AD_TableViewCell.swift in Sources */ = {isa = PBXBuildFile; fileRef = 7BDD67202B4FE5F60044341D /* City4_AD_TableViewCell.swift */; };
		7BDD67232B4FE5F60044341D /* City4_AD_TableViewCell.xib in Resources */ = {isa = PBXBuildFile; fileRef = 7BDD67212B4FE5F60044341D /* City4_AD_TableViewCell.xib */; };
		7BDD67262B4FE6320044341D /* City4TouristTableViewCell.swift in Sources */ = {isa = PBXBuildFile; fileRef = 7BDD67242B4FE6320044341D /* City4TouristTableViewCell.swift */; };
		7BDD67272B4FE6320044341D /* City4TouristTableViewCell.xib in Resources */ = {isa = PBXBuildFile; fileRef = 7BDD67252B4FE6320044341D /* City4TouristTableViewCell.xib */; };
		7BDD672A2B5039360044341D /* TouristAttracionStoryBoard.storyboard in Resources */ = {isa = PBXBuildFile; fileRef = 7BDD67292B5039360044341D /* TouristAttracionStoryBoard.storyboard */; };
		7BDD672C2B5039690044341D /* TouristAttractionViewController.swift in Sources */ = {isa = PBXBuildFile; fileRef = 7BDD672B2B5039690044341D /* TouristAttractionViewController.swift */; };
		7BDD672F2B5043570044341D /* ADStoryboard.storyboard in Resources */ = {isa = PBXBuildFile; fileRef = 7BDD672E2B5043570044341D /* ADStoryboard.storyboard */; };
		7BDD67312B50436A0044341D /* ADViewController.swift in Sources */ = {isa = PBXBuildFile; fileRef = 7BDD67302B50436A0044341D /* ADViewController.swift */; };
		7BDD67342B50BE610044341D /* Cosmos in Frameworks */ = {isa = PBXBuildFile; productRef = 7BDD67332B50BE610044341D /* Cosmos */; };
/* End PBXBuildFile section */

/* Begin PBXFileReference section */
		7B0E2AED2B4D31AB00E6C038 /* Travel2Assignment.app */ = {isa = PBXFileReference; explicitFileType = wrapper.application; includeInIndex = 0; path = Travel2Assignment.app; sourceTree = BUILT_PRODUCTS_DIR; };
		7B0E2AF02B4D31AB00E6C038 /* AppDelegate.swift */ = {isa = PBXFileReference; lastKnownFileType = sourcecode.swift; path = AppDelegate.swift; sourceTree = "<group>"; };
		7B0E2AF22B4D31AB00E6C038 /* SceneDelegate.swift */ = {isa = PBXFileReference; lastKnownFileType = sourcecode.swift; path = SceneDelegate.swift; sourceTree = "<group>"; };
		7B0E2AF42B4D31AB00E6C038 /* ViewController.swift */ = {isa = PBXFileReference; lastKnownFileType = sourcecode.swift; path = ViewController.swift; sourceTree = "<group>"; };
		7B0E2AF72B4D31AB00E6C038 /* Base */ = {isa = PBXFileReference; lastKnownFileType = file.storyboard; name = Base; path = Base.lproj/Main.storyboard; sourceTree = "<group>"; };
		7B0E2AF92B4D31AD00E6C038 /* Assets.xcassets */ = {isa = PBXFileReference; lastKnownFileType = folder.assetcatalog; path = Assets.xcassets; sourceTree = "<group>"; };
		7B0E2AFC2B4D31AD00E6C038 /* Base */ = {isa = PBXFileReference; lastKnownFileType = file.storyboard; name = Base; path = Base.lproj/LaunchScreen.storyboard; sourceTree = "<group>"; };
		7B0E2AFE2B4D31AD00E6C038 /* Info.plist */ = {isa = PBXFileReference; lastKnownFileType = text.plist.xml; path = Info.plist; sourceTree = "<group>"; };
		7B0E2B052B4D33CE00E6C038 /* TravelCollectionViewController.swift */ = {isa = PBXFileReference; lastKnownFileType = sourcecode.swift; path = TravelCollectionViewController.swift; sourceTree = "<group>"; };
		7B0E2B072B4D33DF00E6C038 /* TravelCollectionViewCell.swift */ = {isa = PBXFileReference; lastKnownFileType = sourcecode.swift; path = TravelCollectionViewCell.swift; sourceTree = "<group>"; };
		7B0E2B092B4D37B000E6C038 /* CityInfo.swift */ = {isa = PBXFileReference; fileEncoding = 4; lastKnownFileType = sourcecode.swift; path = CityInfo.swift; sourceTree = SOURCE_ROOT; };
		7B0E2B0F2B4D3EBB00E6C038 /* TestCollectionViewController.swift */ = {isa = PBXFileReference; lastKnownFileType = sourcecode.swift; path = TestCollectionViewController.swift; sourceTree = "<group>"; };
		7B0E2B122B4D4E6800E6C038 /* CityInfoAppCollectionViewController.swift */ = {isa = PBXFileReference; lastKnownFileType = sourcecode.swift; path = CityInfoAppCollectionViewController.swift; sourceTree = "<group>"; };
		7B0E2B142B4D4E8300E6C038 /* CityInfoAppCollectionViewCell.swift */ = {isa = PBXFileReference; lastKnownFileType = sourcecode.swift; path = CityInfoAppCollectionViewCell.swift; sourceTree = "<group>"; };
		7B0E2B152B4D4E8300E6C038 /* CityInfoAppCollectionViewCell.xib */ = {isa = PBXFileReference; lastKnownFileType = file.xib; path = CityInfoAppCollectionViewCell.xib; sourceTree = "<group>"; };
		7B0E2B1B2B4D68AE00E6C038 /* City3CollectionViewCell.swift */ = {isa = PBXFileReference; lastKnownFileType = sourcecode.swift; path = City3CollectionViewCell.swift; sourceTree = "<group>"; };
		7B0E2B1C2B4D68AE00E6C038 /* City3CollectionViewCell.xib */ = {isa = PBXFileReference; lastKnownFileType = file.xib; path = City3CollectionViewCell.xib; sourceTree = "<group>"; };
		7B0E2B1F2B4D68C600E6C038 /* City3ViewController.swift */ = {isa = PBXFileReference; lastKnownFileType = sourcecode.swift; path = City3ViewController.swift; sourceTree = "<group>"; };
		7B0E2B222B4D8A8200E6C038 /* City4ViewController.swift */ = {isa = PBXFileReference; lastKnownFileType = sourcecode.swift; path = City4ViewController.swift; sourceTree = "<group>"; };
		7B0E2B242B4D8AA100E6C038 /* City4CollectionViewCell.swift */ = {isa = PBXFileReference; lastKnownFileType = sourcecode.swift; path = City4CollectionViewCell.swift; sourceTree = "<group>"; };
		7B0E2B252B4D8AA100E6C038 /* City4CollectionViewCell.xib */ = {isa = PBXFileReference; lastKnownFileType = file.xib; path = City4CollectionViewCell.xib; sourceTree = "<group>"; };
		7B0E2B452B4E85FC00E6C038 /* PlacticeStruct.swift */ = {isa = PBXFileReference; lastKnownFileType = sourcecode.swift; path = PlacticeStruct.swift; sourceTree = "<group>"; };
		7B0E2B472B4EA2C900E6C038 /* Plactice_Struct+Enum.swift */ = {isa = PBXFileReference; lastKnownFileType = sourcecode.swift; path = "Plactice_Struct+Enum.swift"; sourceTree = "<group>"; };
		7B0E2B492B4EB6B000E6C038 /* Protocol+Extention+Enum+Struct.swift */ = {isa = PBXFileReference; lastKnownFileType = sourcecode.swift; path = "Protocol+Extention+Enum+Struct.swift"; sourceTree = "<group>"; };
		7BDD67192B4FD4B20044341D /* City4InfoStoryBoard.storyboard */ = {isa = PBXFileReference; lastKnownFileType = file.storyboard; path = City4InfoStoryBoard.storyboard; sourceTree = "<group>"; };
		7BDD671B2B4FD4DC0044341D /* City4InfoViewController.swift */ = {isa = PBXFileReference; lastKnownFileType = sourcecode.swift; path = City4InfoViewController.swift; sourceTree = "<group>"; };
		7BDD671D2B4FD5520044341D /* TravelModel.swift */ = {isa = PBXFileReference; fileEncoding = 4; lastKnownFileType = sourcecode.swift; name = TravelModel.swift; path = Travel2Assignment/city4/Model/TravelModel.swift; sourceTree = SOURCE_ROOT; };
		7BDD67202B4FE5F60044341D /* City4_AD_TableViewCell.swift */ = {isa = PBXFileReference; lastKnownFileType = sourcecode.swift; path = City4_AD_TableViewCell.swift; sourceTree = "<group>"; };
		7BDD67212B4FE5F60044341D /* City4_AD_TableViewCell.xib */ = {isa = PBXFileReference; lastKnownFileType = file.xib; path = City4_AD_TableViewCell.xib; sourceTree = "<group>"; };
		7BDD67242B4FE6320044341D /* City4TouristTableViewCell.swift */ = {isa = PBXFileReference; lastKnownFileType = sourcecode.swift; path = City4TouristTableViewCell.swift; sourceTree = "<group>"; };
		7BDD67252B4FE6320044341D /* City4TouristTableViewCell.xib */ = {isa = PBXFileReference; lastKnownFileType = file.xib; path = City4TouristTableViewCell.xib; sourceTree = "<group>"; };
		7BDD67292B5039360044341D /* TouristAttracionStoryBoard.storyboard */ = {isa = PBXFileReference; lastKnownFileType = file.storyboard; path = TouristAttracionStoryBoard.storyboard; sourceTree = "<group>"; };
		7BDD672B2B5039690044341D /* TouristAttractionViewController.swift */ = {isa = PBXFileReference; lastKnownFileType = sourcecode.swift; path = TouristAttractionViewController.swift; sourceTree = "<group>"; };
		7BDD672E2B5043570044341D /* ADStoryboard.storyboard */ = {isa = PBXFileReference; lastKnownFileType = file.storyboard; path = ADStoryboard.storyboard; sourceTree = "<group>"; };
		7BDD67302B50436A0044341D /* ADViewController.swift */ = {isa = PBXFileReference; lastKnownFileType = sourcecode.swift; path = ADViewController.swift; sourceTree = "<group>"; };
/* End PBXFileReference section */

/* Begin PBXFrameworksBuildPhase section */
		7B0E2AEA2B4D31AB00E6C038 /* Frameworks */ = {
			isa = PBXFrameworksBuildPhase;
			buildActionMask = 2147483647;
			files = (
				7BDD67342B50BE610044341D /* Cosmos in Frameworks */,
				7B0E2B0D2B4D37C600E6C038 /* Kingfisher in Frameworks */,
			);
			runOnlyForDeploymentPostprocessing = 0;
		};
/* End PBXFrameworksBuildPhase section */

/* Begin PBXGroup section */
		7B0E2AE42B4D31AB00E6C038 = {
			isa = PBXGroup;
			children = (
				7B0E2AEF2B4D31AB00E6C038 /* Travel2Assignment */,
				7B0E2AEE2B4D31AB00E6C038 /* Products */,
			);
			sourceTree = "<group>";
		};
		7B0E2AEE2B4D31AB00E6C038 /* Products */ = {
			isa = PBXGroup;
			children = (
				7B0E2AED2B4D31AB00E6C038 /* Travel2Assignment.app */,
			);
			name = Products;
			sourceTree = "<group>";
		};
		7B0E2AEF2B4D31AB00E6C038 /* Travel2Assignment */ = {
			isa = PBXGroup;
			children = (
				7BDD672D2B50432E0044341D /* City4ADFolder  */,
				7BDD67282B5038D70044341D /* City4TouristAttrcionFolder */,
				7B0E2B9D2B4FCFFD00E6C038 /* City4InfoFolder */,
				7B0E2B212B4D8A5B00E6C038 /* city4 */,
				7B0E2B182B4D66F900E6C038 /* Plactice3ColltionAndTable */,
				7B0E2B112B4D4E3400E6C038 /* Plactice2Collection */,
				7B0E2B0E2B4D3EA800E6C038 /* Test */,
				7B0E2B092B4D37B000E6C038 /* CityInfo.swift */,
				7B0E2B042B4D321300E6C038 /* PlacticeCollection */,
				7B0E2AF02B4D31AB00E6C038 /* AppDelegate.swift */,
				7B0E2AF22B4D31AB00E6C038 /* SceneDelegate.swift */,
				7B0E2AF42B4D31AB00E6C038 /* ViewController.swift */,
				7B0E2AF62B4D31AB00E6C038 /* Main.storyboard */,
				7B0E2AF92B4D31AD00E6C038 /* Assets.xcassets */,
				7B0E2AFB2B4D31AD00E6C038 /* LaunchScreen.storyboard */,
				7B0E2AFE2B4D31AD00E6C038 /* Info.plist */,
			);
			path = Travel2Assignment;
			sourceTree = "<group>";
		};
		7B0E2B042B4D321300E6C038 /* PlacticeCollection */ = {
			isa = PBXGroup;
			children = (
				7B0E2B052B4D33CE00E6C038 /* TravelCollectionViewController.swift */,
				7B0E2B072B4D33DF00E6C038 /* TravelCollectionViewCell.swift */,
				7B0E2B452B4E85FC00E6C038 /* PlacticeStruct.swift */,
			);
			path = PlacticeCollection;
			sourceTree = "<group>";
		};
		7B0E2B0E2B4D3EA800E6C038 /* Test */ = {
			isa = PBXGroup;
			children = (
				7B0E2B0F2B4D3EBB00E6C038 /* TestCollectionViewController.swift */,
			);
			path = Test;
			sourceTree = "<group>";
		};
		7B0E2B112B4D4E3400E6C038 /* Plactice2Collection */ = {
			isa = PBXGroup;
			children = (
				7B0E2B442B4E849400E6C038 /* Controller */,
				7B0E2B432B4E848A00E6C038 /* View */,
				7B0E2B422B4E848100E6C038 /* Model */,
				7B0E2B122B4D4E6800E6C038 /* CityInfoAppCollectionViewController.swift */,
				7B0E2B142B4D4E8300E6C038 /* CityInfoAppCollectionViewCell.swift */,
				7B0E2B152B4D4E8300E6C038 /* CityInfoAppCollectionViewCell.xib */,
				7B0E2B472B4EA2C900E6C038 /* Plactice_Struct+Enum.swift */,
			);
			path = Plactice2Collection;
			sourceTree = "<group>";
		};
		7B0E2B182B4D66F900E6C038 /* Plactice3ColltionAndTable */ = {
			isa = PBXGroup;
			children = (
				7B0E2B412B4E846F00E6C038 /* Controller */,
				7B0E2B402B4E846700E6C038 /* View */,
				7B0E2B3F2B4E846000E6C038 /* Model */,
				7B0E2B1B2B4D68AE00E6C038 /* City3CollectionViewCell.swift */,
				7B0E2B1C2B4D68AE00E6C038 /* City3CollectionViewCell.xib */,
				7B0E2B1F2B4D68C600E6C038 /* City3ViewController.swift */,
			);
			path = Plactice3ColltionAndTable;
			sourceTree = "<group>";
		};
		7B0E2B212B4D8A5B00E6C038 /* city4 */ = {
			isa = PBXGroup;
			children = (
				7B0E2B3E2B4E844800E6C038 /* Controller */,
				7B0E2B3D2B4E843B00E6C038 /* View */,
				7B0E2B3C2B4E842E00E6C038 /* Model */,
				7B0E2B242B4D8AA100E6C038 /* City4CollectionViewCell.swift */,
				7B0E2B222B4D8A8200E6C038 /* City4ViewController.swift */,
				7B0E2B492B4EB6B000E6C038 /* Protocol+Extention+Enum+Struct.swift */,
				7B0E2B252B4D8AA100E6C038 /* City4CollectionViewCell.xib */,
			);
			path = city4;
			sourceTree = "<group>";
		};
		7B0E2B3C2B4E842E00E6C038 /* Model */ = {
			isa = PBXGroup;
			children = (
				7BDD671D2B4FD5520044341D /* TravelModel.swift */,
			);
			path = Model;
			sourceTree = "<group>";
		};
		7B0E2B3D2B4E843B00E6C038 /* View */ = {
			isa = PBXGroup;
			children = (
			);
			path = View;
			sourceTree = "<group>";
		};
		7B0E2B3E2B4E844800E6C038 /* Controller */ = {
			isa = PBXGroup;
			children = (
			);
			path = Controller;
			sourceTree = "<group>";
		};
		7B0E2B3F2B4E846000E6C038 /* Model */ = {
			isa = PBXGroup;
			children = (
			);
			path = Model;
			sourceTree = "<group>";
		};
		7B0E2B402B4E846700E6C038 /* View */ = {
			isa = PBXGroup;
			children = (
			);
			path = View;
			sourceTree = "<group>";
		};
		7B0E2B412B4E846F00E6C038 /* Controller */ = {
			isa = PBXGroup;
			children = (
			);
			path = Controller;
			sourceTree = "<group>";
		};
		7B0E2B422B4E848100E6C038 /* Model */ = {
			isa = PBXGroup;
			children = (
			);
			path = Model;
			sourceTree = "<group>";
		};
		7B0E2B432B4E848A00E6C038 /* View */ = {
			isa = PBXGroup;
			children = (
			);
			path = View;
			sourceTree = "<group>";
		};
		7B0E2B442B4E849400E6C038 /* Controller */ = {
			isa = PBXGroup;
			children = (
			);
			path = Controller;
			sourceTree = "<group>";
		};
		7B0E2B9D2B4FCFFD00E6C038 /* City4InfoFolder */ = {
			isa = PBXGroup;
			children = (
				7BDD671F2B4FE5A40044341D /* City4Cell */,
				7BDD67192B4FD4B20044341D /* City4InfoStoryBoard.storyboard */,
				7BDD671B2B4FD4DC0044341D /* City4InfoViewController.swift */,
			);
			path = City4InfoFolder;
			sourceTree = "<group>";
		};
		7BDD671F2B4FE5A40044341D /* City4Cell */ = {
			isa = PBXGroup;
			children = (
				7BDD67202B4FE5F60044341D /* City4_AD_TableViewCell.swift */,
				7BDD67212B4FE5F60044341D /* City4_AD_TableViewCell.xib */,
				7BDD67242B4FE6320044341D /* City4TouristTableViewCell.swift */,
				7BDD67252B4FE6320044341D /* City4TouristTableViewCell.xib */,
			);
			path = City4Cell;
			sourceTree = "<group>";
		};
		7BDD67282B5038D70044341D /* City4TouristAttrcionFolder */ = {
			isa = PBXGroup;
			children = (
				7BDD67292B5039360044341D /* TouristAttracionStoryBoard.storyboard */,
				7BDD672B2B5039690044341D /* TouristAttractionViewController.swift */,
			);
			path = City4TouristAttrcionFolder;
			sourceTree = "<group>";
		};
		7BDD672D2B50432E0044341D /* City4ADFolder  */ = {
			isa = PBXGroup;
			children = (
				7BDD672E2B5043570044341D /* ADStoryboard.storyboard */,
				7BDD67302B50436A0044341D /* ADViewController.swift */,
			);
			path = "City4ADFolder ";
			sourceTree = "<group>";
		};
/* End PBXGroup section */

/* Begin PBXNativeTarget section */
		7B0E2AEC2B4D31AB00E6C038 /* Travel2Assignment */ = {
			isa = PBXNativeTarget;
			buildConfigurationList = 7B0E2B012B4D31AD00E6C038 /* Build configuration list for PBXNativeTarget "Travel2Assignment" */;
			buildPhases = (
				7B0E2AE92B4D31AB00E6C038 /* Sources */,
				7B0E2AEA2B4D31AB00E6C038 /* Frameworks */,
				7B0E2AEB2B4D31AB00E6C038 /* Resources */,
			);
			buildRules = (
			);
			dependencies = (
			);
			name = Travel2Assignment;
			packageProductDependencies = (
				7B0E2B0C2B4D37C600E6C038 /* Kingfisher */,
				7BDD67332B50BE610044341D /* Cosmos */,
			);
			productName = Travel2Assignment;
			productReference = 7B0E2AED2B4D31AB00E6C038 /* Travel2Assignment.app */;
			productType = "com.apple.product-type.application";
		};
/* End PBXNativeTarget section */

/* Begin PBXProject section */
		7B0E2AE52B4D31AB00E6C038 /* Project object */ = {
			isa = PBXProject;
			attributes = {
				BuildIndependentTargetsInParallel = 1;
				LastSwiftUpdateCheck = 1510;
				LastUpgradeCheck = 1510;
				TargetAttributes = {
					7B0E2AEC2B4D31AB00E6C038 = {
						CreatedOnToolsVersion = 15.1;
					};
				};
			};
			buildConfigurationList = 7B0E2AE82B4D31AB00E6C038 /* Build configuration list for PBXProject "Travel2Assignment" */;
			compatibilityVersion = "Xcode 14.0";
			developmentRegion = en;
			hasScannedForEncodings = 0;
			knownRegions = (
				en,
				Base,
			);
			mainGroup = 7B0E2AE42B4D31AB00E6C038;
			packageReferences = (
				7B0E2B0B2B4D37C600E6C038 /* XCRemoteSwiftPackageReference "Kingfisher" */,
				7BDD67322B50BE610044341D /* XCRemoteSwiftPackageReference "Cosmos" */,
			);
			productRefGroup = 7B0E2AEE2B4D31AB00E6C038 /* Products */;
			projectDirPath = "";
			projectRoot = "";
			targets = (
				7B0E2AEC2B4D31AB00E6C038 /* Travel2Assignment */,
			);
		};
/* End PBXProject section */

/* Begin PBXResourcesBuildPhase section */
		7B0E2AEB2B4D31AB00E6C038 /* Resources */ = {
			isa = PBXResourcesBuildPhase;
			buildActionMask = 2147483647;
			files = (
				7BDD671A2B4FD4B20044341D /* City4InfoStoryBoard.storyboard in Resources */,
				7B0E2B272B4D8AA100E6C038 /* City4CollectionViewCell.xib in Resources */,
				7B0E2AFD2B4D31AD00E6C038 /* LaunchScreen.storyboard in Resources */,
				7BDD67272B4FE6320044341D /* City4TouristTableViewCell.xib in Resources */,
				7B0E2B172B4D4E8300E6C038 /* CityInfoAppCollectionViewCell.xib in Resources */,
				7B0E2AFA2B4D31AD00E6C038 /* Assets.xcassets in Resources */,
				7BDD672F2B5043570044341D /* ADStoryboard.storyboard in Resources */,
				7BDD672A2B5039360044341D /* TouristAttracionStoryBoard.storyboard in Resources */,
				7B0E2AF82B4D31AB00E6C038 /* Main.storyboard in Resources */,
				7BDD67232B4FE5F60044341D /* City4_AD_TableViewCell.xib in Resources */,
				7B0E2B1E2B4D68AE00E6C038 /* City3CollectionViewCell.xib in Resources */,
			);
			runOnlyForDeploymentPostprocessing = 0;
		};
/* End PBXResourcesBuildPhase section */

/* Begin PBXSourcesBuildPhase section */
		7B0E2AE92B4D31AB00E6C038 /* Sources */ = {
			isa = PBXSourcesBuildPhase;
			buildActionMask = 2147483647;
			files = (
				7B0E2B062B4D33CE00E6C038 /* TravelCollectionViewController.swift in Sources */,
				7BDD67312B50436A0044341D /* ADViewController.swift in Sources */,
				7B0E2B162B4D4E8300E6C038 /* CityInfoAppCollectionViewCell.swift in Sources */,
				7B0E2AF52B4D31AB00E6C038 /* ViewController.swift in Sources */,
				7BDD67222B4FE5F60044341D /* City4_AD_TableViewCell.swift in Sources */,
				7BDD67262B4FE6320044341D /* City4TouristTableViewCell.swift in Sources */,
				7BDD671E2B4FD5520044341D /* TravelModel.swift in Sources */,
				7B0E2B482B4EA2C900E6C038 /* Plactice_Struct+Enum.swift in Sources */,
				7BDD672C2B5039690044341D /* TouristAttractionViewController.swift in Sources */,
				7B0E2B082B4D33DF00E6C038 /* TravelCollectionViewCell.swift in Sources */,
				7B0E2AF12B4D31AB00E6C038 /* AppDelegate.swift in Sources */,
				7B0E2B0A2B4D37B000E6C038 /* CityInfo.swift in Sources */,
				7BDD671C2B4FD4DC0044341D /* City4InfoViewController.swift in Sources */,
				7B0E2B462B4E85FC00E6C038 /* PlacticeStruct.swift in Sources */,
				7B0E2B132B4D4E6800E6C038 /* CityInfoAppCollectionViewController.swift in Sources */,
				7B0E2AF32B4D31AB00E6C038 /* SceneDelegate.swift in Sources */,
				7B0E2B4A2B4EB6B000E6C038 /* Protocol+Extention+Enum+Struct.swift in Sources */,
				7B0E2B232B4D8A8200E6C038 /* City4ViewController.swift in Sources */,
				7B0E2B262B4D8AA100E6C038 /* City4CollectionViewCell.swift in Sources */,
				7B0E2B202B4D68C600E6C038 /* City3ViewController.swift in Sources */,
				7B0E2B102B4D3EBB00E6C038 /* TestCollectionViewController.swift in Sources */,
				7B0E2B1D2B4D68AE00E6C038 /* City3CollectionViewCell.swift in Sources */,
			);
			runOnlyForDeploymentPostprocessing = 0;
		};
/* End PBXSourcesBuildPhase section */

/* Begin PBXVariantGroup section */
		7B0E2AF62B4D31AB00E6C038 /* Main.storyboard */ = {
			isa = PBXVariantGroup;
			children = (
				7B0E2AF72B4D31AB00E6C038 /* Base */,
			);
			name = Main.storyboard;
			sourceTree = "<group>";
		};
		7B0E2AFB2B4D31AD00E6C038 /* LaunchScreen.storyboard */ = {
			isa = PBXVariantGroup;
			children = (
				7B0E2AFC2B4D31AD00E6C038 /* Base */,
			);
			name = LaunchScreen.storyboard;
			sourceTree = "<group>";
		};
/* End PBXVariantGroup section */

/* Begin XCBuildConfiguration section */
		7B0E2AFF2B4D31AD00E6C038 /* Debug */ = {
			isa = XCBuildConfiguration;
			buildSettings = {
				ALWAYS_SEARCH_USER_PATHS = NO;
				ASSETCATALOG_COMPILER_GENERATE_SWIFT_ASSET_SYMBOL_EXTENSIONS = YES;
				CLANG_ANALYZER_NONNULL = YES;
				CLANG_ANALYZER_NUMBER_OBJECT_CONVERSION = YES_AGGRESSIVE;
				CLANG_CXX_LANGUAGE_STANDARD = "gnu++20";
				CLANG_ENABLE_MODULES = YES;
				CLANG_ENABLE_OBJC_ARC = YES;
				CLANG_ENABLE_OBJC_WEAK = YES;
				CLANG_WARN_BLOCK_CAPTURE_AUTORELEASING = YES;
				CLANG_WARN_BOOL_CONVERSION = YES;
				CLANG_WARN_COMMA = YES;
				CLANG_WARN_CONSTANT_CONVERSION = YES;
				CLANG_WARN_DEPRECATED_OBJC_IMPLEMENTATIONS = YES;
				CLANG_WARN_DIRECT_OBJC_ISA_USAGE = YES_ERROR;
				CLANG_WARN_DOCUMENTATION_COMMENTS = YES;
				CLANG_WARN_EMPTY_BODY = YES;
				CLANG_WARN_ENUM_CONVERSION = YES;
				CLANG_WARN_INFINITE_RECURSION = YES;
				CLANG_WARN_INT_CONVERSION = YES;
				CLANG_WARN_NON_LITERAL_NULL_CONVERSION = YES;
				CLANG_WARN_OBJC_IMPLICIT_RETAIN_SELF = YES;
				CLANG_WARN_OBJC_LITERAL_CONVERSION = YES;
				CLANG_WARN_OBJC_ROOT_CLASS = YES_ERROR;
				CLANG_WARN_QUOTED_INCLUDE_IN_FRAMEWORK_HEADER = YES;
				CLANG_WARN_RANGE_LOOP_ANALYSIS = YES;
				CLANG_WARN_STRICT_PROTOTYPES = YES;
				CLANG_WARN_SUSPICIOUS_MOVE = YES;
				CLANG_WARN_UNGUARDED_AVAILABILITY = YES_AGGRESSIVE;
				CLANG_WARN_UNREACHABLE_CODE = YES;
				CLANG_WARN__DUPLICATE_METHOD_MATCH = YES;
				COPY_PHASE_STRIP = NO;
				DEBUG_INFORMATION_FORMAT = dwarf;
				ENABLE_STRICT_OBJC_MSGSEND = YES;
				ENABLE_TESTABILITY = YES;
				ENABLE_USER_SCRIPT_SANDBOXING = YES;
				GCC_C_LANGUAGE_STANDARD = gnu17;
				GCC_DYNAMIC_NO_PIC = NO;
				GCC_NO_COMMON_BLOCKS = YES;
				GCC_OPTIMIZATION_LEVEL = 0;
				GCC_PREPROCESSOR_DEFINITIONS = (
					"DEBUG=1",
					"$(inherited)",
				);
				GCC_WARN_64_TO_32_BIT_CONVERSION = YES;
				GCC_WARN_ABOUT_RETURN_TYPE = YES_ERROR;
				GCC_WARN_UNDECLARED_SELECTOR = YES;
				GCC_WARN_UNINITIALIZED_AUTOS = YES_AGGRESSIVE;
				GCC_WARN_UNUSED_FUNCTION = YES;
				GCC_WARN_UNUSED_VARIABLE = YES;
				IPHONEOS_DEPLOYMENT_TARGET = 17.2;
				LOCALIZATION_PREFERS_STRING_CATALOGS = YES;
				MTL_ENABLE_DEBUG_INFO = INCLUDE_SOURCE;
				MTL_FAST_MATH = YES;
				ONLY_ACTIVE_ARCH = YES;
				SDKROOT = iphoneos;
				SWIFT_ACTIVE_COMPILATION_CONDITIONS = "DEBUG $(inherited)";
				SWIFT_OPTIMIZATION_LEVEL = "-Onone";
			};
			name = Debug;
		};
		7B0E2B002B4D31AD00E6C038 /* Release */ = {
			isa = XCBuildConfiguration;
			buildSettings = {
				ALWAYS_SEARCH_USER_PATHS = NO;
				ASSETCATALOG_COMPILER_GENERATE_SWIFT_ASSET_SYMBOL_EXTENSIONS = YES;
				CLANG_ANALYZER_NONNULL = YES;
				CLANG_ANALYZER_NUMBER_OBJECT_CONVERSION = YES_AGGRESSIVE;
				CLANG_CXX_LANGUAGE_STANDARD = "gnu++20";
				CLANG_ENABLE_MODULES = YES;
				CLANG_ENABLE_OBJC_ARC = YES;
				CLANG_ENABLE_OBJC_WEAK = YES;
				CLANG_WARN_BLOCK_CAPTURE_AUTORELEASING = YES;
				CLANG_WARN_BOOL_CONVERSION = YES;
				CLANG_WARN_COMMA = YES;
				CLANG_WARN_CONSTANT_CONVERSION = YES;
				CLANG_WARN_DEPRECATED_OBJC_IMPLEMENTATIONS = YES;
				CLANG_WARN_DIRECT_OBJC_ISA_USAGE = YES_ERROR;
				CLANG_WARN_DOCUMENTATION_COMMENTS = YES;
				CLANG_WARN_EMPTY_BODY = YES;
				CLANG_WARN_ENUM_CONVERSION = YES;
				CLANG_WARN_INFINITE_RECURSION = YES;
				CLANG_WARN_INT_CONVERSION = YES;
				CLANG_WARN_NON_LITERAL_NULL_CONVERSION = YES;
				CLANG_WARN_OBJC_IMPLICIT_RETAIN_SELF = YES;
				CLANG_WARN_OBJC_LITERAL_CONVERSION = YES;
				CLANG_WARN_OBJC_ROOT_CLASS = YES_ERROR;
				CLANG_WARN_QUOTED_INCLUDE_IN_FRAMEWORK_HEADER = YES;
				CLANG_WARN_RANGE_LOOP_ANALYSIS = YES;
				CLANG_WARN_STRICT_PROTOTYPES = YES;
				CLANG_WARN_SUSPICIOUS_MOVE = YES;
				CLANG_WARN_UNGUARDED_AVAILABILITY = YES_AGGRESSIVE;
				CLANG_WARN_UNREACHABLE_CODE = YES;
				CLANG_WARN__DUPLICATE_METHOD_MATCH = YES;
				COPY_PHASE_STRIP = NO;
				DEBUG_INFORMATION_FORMAT = "dwarf-with-dsym";
				ENABLE_NS_ASSERTIONS = NO;
				ENABLE_STRICT_OBJC_MSGSEND = YES;
				ENABLE_USER_SCRIPT_SANDBOXING = YES;
				GCC_C_LANGUAGE_STANDARD = gnu17;
				GCC_NO_COMMON_BLOCKS = YES;
				GCC_WARN_64_TO_32_BIT_CONVERSION = YES;
				GCC_WARN_ABOUT_RETURN_TYPE = YES_ERROR;
				GCC_WARN_UNDECLARED_SELECTOR = YES;
				GCC_WARN_UNINITIALIZED_AUTOS = YES_AGGRESSIVE;
				GCC_WARN_UNUSED_FUNCTION = YES;
				GCC_WARN_UNUSED_VARIABLE = YES;
				IPHONEOS_DEPLOYMENT_TARGET = 17.2;
				LOCALIZATION_PREFERS_STRING_CATALOGS = YES;
				MTL_ENABLE_DEBUG_INFO = NO;
				MTL_FAST_MATH = YES;
				SDKROOT = iphoneos;
				SWIFT_COMPILATION_MODE = wholemodule;
				VALIDATE_PRODUCT = YES;
			};
			name = Release;
		};
		7B0E2B022B4D31AD00E6C038 /* Debug */ = {
			isa = XCBuildConfiguration;
			buildSettings = {
				ASSETCATALOG_COMPILER_APPICON_NAME = AppIcon;
				ASSETCATALOG_COMPILER_GLOBAL_ACCENT_COLOR_NAME = AccentColor;
				CODE_SIGN_STYLE = Automatic;
				CURRENT_PROJECT_VERSION = 1;
				DEVELOPMENT_TEAM = H25F4B7J4U;
				GENERATE_INFOPLIST_FILE = YES;
				INFOPLIST_FILE = Travel2Assignment/Info.plist;
				INFOPLIST_KEY_UIApplicationSupportsIndirectInputEvents = YES;
				INFOPLIST_KEY_UILaunchStoryboardName = LaunchScreen;
				INFOPLIST_KEY_UIMainStoryboardFile = Main;
				INFOPLIST_KEY_UISupportedInterfaceOrientations_iPad = "UIInterfaceOrientationPortrait UIInterfaceOrientationPortraitUpsideDown UIInterfaceOrientationLandscapeLeft UIInterfaceOrientationLandscapeRight";
				INFOPLIST_KEY_UISupportedInterfaceOrientations_iPhone = "UIInterfaceOrientationPortrait UIInterfaceOrientationLandscapeLeft UIInterfaceOrientationLandscapeRight";
				LD_RUNPATH_SEARCH_PATHS = (
					"$(inherited)",
					"@executable_path/Frameworks",
				);
				MARKETING_VERSION = 1.0;
				PRODUCT_BUNDLE_IDENTIFIER = com.SilverGun.Travel2Assignment;
				PRODUCT_NAME = "$(TARGET_NAME)";
				SUPPORTED_PLATFORMS = "iphoneos iphonesimulator";
				SUPPORTS_MACCATALYST = NO;
				SUPPORTS_MAC_DESIGNED_FOR_IPHONE_IPAD = NO;
				SWIFT_EMIT_LOC_STRINGS = YES;
				SWIFT_VERSION = 5.0;
				TARGETED_DEVICE_FAMILY = 1;
			};
			name = Debug;
		};
		7B0E2B032B4D31AD00E6C038 /* Release */ = {
			isa = XCBuildConfiguration;
			buildSettings = {
				ASSETCATALOG_COMPILER_APPICON_NAME = AppIcon;
				ASSETCATALOG_COMPILER_GLOBAL_ACCENT_COLOR_NAME = AccentColor;
				CODE_SIGN_STYLE = Automatic;
				CURRENT_PROJECT_VERSION = 1;
				DEVELOPMENT_TEAM = H25F4B7J4U;
				GENERATE_INFOPLIST_FILE = YES;
				INFOPLIST_FILE = Travel2Assignment/Info.plist;
				INFOPLIST_KEY_UIApplicationSupportsIndirectInputEvents = YES;
				INFOPLIST_KEY_UILaunchStoryboardName = LaunchScreen;
				INFOPLIST_KEY_UIMainStoryboardFile = Main;
				INFOPLIST_KEY_UISupportedInterfaceOrientations_iPad = "UIInterfaceOrientationPortrait UIInterfaceOrientationPortraitUpsideDown UIInterfaceOrientationLandscapeLeft UIInterfaceOrientationLandscapeRight";
				INFOPLIST_KEY_UISupportedInterfaceOrientations_iPhone = "UIInterfaceOrientationPortrait UIInterfaceOrientationLandscapeLeft UIInterfaceOrientationLandscapeRight";
				LD_RUNPATH_SEARCH_PATHS = (
					"$(inherited)",
					"@executable_path/Frameworks",
				);
				MARKETING_VERSION = 1.0;
				PRODUCT_BUNDLE_IDENTIFIER = com.SilverGun.Travel2Assignment;
				PRODUCT_NAME = "$(TARGET_NAME)";
				SUPPORTED_PLATFORMS = "iphoneos iphonesimulator";
				SUPPORTS_MACCATALYST = NO;
				SUPPORTS_MAC_DESIGNED_FOR_IPHONE_IPAD = NO;
				SWIFT_EMIT_LOC_STRINGS = YES;
				SWIFT_VERSION = 5.0;
				TARGETED_DEVICE_FAMILY = 1;
			};
			name = Release;
		};
/* End XCBuildConfiguration section */

/* Begin XCConfigurationList section */
		7B0E2AE82B4D31AB00E6C038 /* Build configuration list for PBXProject "Travel2Assignment" */ = {
			isa = XCConfigurationList;
			buildConfigurations = (
				7B0E2AFF2B4D31AD00E6C038 /* Debug */,
				7B0E2B002B4D31AD00E6C038 /* Release */,
			);
			defaultConfigurationIsVisible = 0;
			defaultConfigurationName = Release;
		};
		7B0E2B012B4D31AD00E6C038 /* Build configuration list for PBXNativeTarget "Travel2Assignment" */ = {
			isa = XCConfigurationList;
			buildConfigurations = (
				7B0E2B022B4D31AD00E6C038 /* Debug */,
				7B0E2B032B4D31AD00E6C038 /* Release */,
			);
			defaultConfigurationIsVisible = 0;
			defaultConfigurationName = Release;
		};
/* End XCConfigurationList section */

/* Begin XCRemoteSwiftPackageReference section */
		7B0E2B0B2B4D37C600E6C038 /* XCRemoteSwiftPackageReference "Kingfisher" */ = {
			isa = XCRemoteSwiftPackageReference;
			repositoryURL = "https://github.com/onevcat/Kingfisher.git";
			requirement = {
				kind = upToNextMajorVersion;
				minimumVersion = 7.10.1;
			};
		};
		7BDD67322B50BE610044341D /* XCRemoteSwiftPackageReference "Cosmos" */ = {
			isa = XCRemoteSwiftPackageReference;
			repositoryURL = "https://github.com/evgenyneu/Cosmos";
			requirement = {
				kind = upToNextMajorVersion;
				minimumVersion = 24.0.0;
			};
		};
/* End XCRemoteSwiftPackageReference section */

/* Begin XCSwiftPackageProductDependency section */
		7B0E2B0C2B4D37C600E6C038 /* Kingfisher */ = {
			isa = XCSwiftPackageProductDependency;
			package = 7B0E2B0B2B4D37C600E6C038 /* XCRemoteSwiftPackageReference "Kingfisher" */;
			productName = Kingfisher;
		};
		7BDD67332B50BE610044341D /* Cosmos */ = {
			isa = XCSwiftPackageProductDependency;
			package = 7BDD67322B50BE610044341D /* XCRemoteSwiftPackageReference "Cosmos" */;
			productName = Cosmos;
		};
/* End XCSwiftPackageProductDependency section */
	};
	rootObject = 7B0E2AE52B4D31AB00E6C038 /* Project object */;
}
